// !$*UTF8*$!
{
	archiveVersion = 1;
	classes = {
	};
	objectVersion = 50;
	objects = {

/* Begin PBXBuildFile section */
		CCBCC68421B429B900634959 /* AppDelegate.swift in Sources */ = {isa = PBXBuildFile; fileRef = CCBCC68321B429B900634959 /* AppDelegate.swift */; };
		CCBCC68A21B429B900634959 /* GameScene.swift in Sources */ = {isa = PBXBuildFile; fileRef = CCBCC68921B429B900634959 /* GameScene.swift */; };
		CCBCC68C21B429B900634959 /* GameViewController.swift in Sources */ = {isa = PBXBuildFile; fileRef = CCBCC68B21B429B900634959 /* GameViewController.swift */; };
		CCBCC68F21B429B900634959 /* Main.storyboard in Resources */ = {isa = PBXBuildFile; fileRef = CCBCC68D21B429B900634959 /* Main.storyboard */; };
		CCBCC69121B429BC00634959 /* Assets.xcassets in Resources */ = {isa = PBXBuildFile; fileRef = CCBCC69021B429BC00634959 /* Assets.xcassets */; };
		CCBCC69421B429BC00634959 /* LaunchScreen.storyboard in Resources */ = {isa = PBXBuildFile; fileRef = CCBCC69221B429BC00634959 /* LaunchScreen.storyboard */; };
		CCBCC69C21B46F0700634959 /* Bomb.swift in Sources */ = {isa = PBXBuildFile; fileRef = CCBCC69B21B46F0700634959 /* Bomb.swift */; };
		CCBCC69E21B4768500634959 /* GameLayer.swift in Sources */ = {isa = PBXBuildFile; fileRef = CCBCC69D21B4768500634959 /* GameLayer.swift */; };
		CCBCC6A021B487D100634959 /* Queue.swift in Sources */ = {isa = PBXBuildFile; fileRef = CCBCC69F21B487D100634959 /* Queue.swift */; };
		CCBCC6A221B496AD00634959 /* Explosao.sks in Resources */ = {isa = PBXBuildFile; fileRef = CCBCC6A121B496AC00634959 /* Explosao.sks */; };
		CCBCC6A421B4978A00634959 /* fire.png in Resources */ = {isa = PBXBuildFile; fileRef = CCBCC6A321B4978A00634959 /* fire.png */; };
		CCBCC6A621B4AB3A00634959 /* LevelGenerator.swift in Sources */ = {isa = PBXBuildFile; fileRef = CCBCC6A521B4AB3A00634959 /* LevelGenerator.swift */; };
		CCBCC6A821B4BBCC00634959 /* MenuScene.swift in Sources */ = {isa = PBXBuildFile; fileRef = CCBCC6A721B4BBCC00634959 /* MenuScene.swift */; };
		CCBCC6AE21B4C2C700634959 /* backButton.png in Resources */ = {isa = PBXBuildFile; fileRef = CCBCC6AD21B4C2C700634959 /* backButton.png */; };
		CCD87F6521B56B0000AB9B96 /* GraphLine.swift in Sources */ = {isa = PBXBuildFile; fileRef = CCD87F6421B56B0000AB9B96 /* GraphLine.swift */; };
		CCD87F6721B5F71B00AB9B96 /* AnotherGameLayer.swift in Sources */ = {isa = PBXBuildFile; fileRef = CCD87F6621B5F71B00AB9B96 /* AnotherGameLayer.swift */; };
/* End PBXBuildFile section */

/* Begin PBXFileReference section */
		CCBCC68021B429B900634959 /* lista8_eda2.app */ = {isa = PBXFileReference; explicitFileType = wrapper.application; includeInIndex = 0; path = lista8_eda2.app; sourceTree = BUILT_PRODUCTS_DIR; };
		CCBCC68321B429B900634959 /* AppDelegate.swift */ = {isa = PBXFileReference; lastKnownFileType = sourcecode.swift; path = AppDelegate.swift; sourceTree = "<group>"; };
		CCBCC68921B429B900634959 /* GameScene.swift */ = {isa = PBXFileReference; lastKnownFileType = sourcecode.swift; path = GameScene.swift; sourceTree = "<group>"; };
		CCBCC68B21B429B900634959 /* GameViewController.swift */ = {isa = PBXFileReference; lastKnownFileType = sourcecode.swift; path = GameViewController.swift; sourceTree = "<group>"; };
		CCBCC68E21B429B900634959 /* Base */ = {isa = PBXFileReference; lastKnownFileType = file.storyboard; name = Base; path = Base.lproj/Main.storyboard; sourceTree = "<group>"; };
		CCBCC69021B429BC00634959 /* Assets.xcassets */ = {isa = PBXFileReference; lastKnownFileType = folder.assetcatalog; path = Assets.xcassets; sourceTree = "<group>"; };
		CCBCC69321B429BC00634959 /* Base */ = {isa = PBXFileReference; lastKnownFileType = file.storyboard; name = Base; path = Base.lproj/LaunchScreen.storyboard; sourceTree = "<group>"; };
		CCBCC69521B429BC00634959 /* Info.plist */ = {isa = PBXFileReference; lastKnownFileType = text.plist.xml; path = Info.plist; sourceTree = "<group>"; };
		CCBCC69B21B46F0700634959 /* Bomb.swift */ = {isa = PBXFileReference; lastKnownFileType = sourcecode.swift; path = Bomb.swift; sourceTree = "<group>"; };
		CCBCC69D21B4768500634959 /* GameLayer.swift */ = {isa = PBXFileReference; lastKnownFileType = sourcecode.swift; path = GameLayer.swift; sourceTree = "<group>"; };
		CCBCC69F21B487D100634959 /* Queue.swift */ = {isa = PBXFileReference; lastKnownFileType = sourcecode.swift; path = Queue.swift; sourceTree = "<group>"; };
		CCBCC6A121B496AC00634959 /* Explosao.sks */ = {isa = PBXFileReference; lastKnownFileType = file.sks; path = Explosao.sks; sourceTree = "<group>"; };
		CCBCC6A321B4978A00634959 /* fire.png */ = {isa = PBXFileReference; lastKnownFileType = image.png; path = fire.png; sourceTree = "<group>"; };
		CCBCC6A521B4AB3A00634959 /* LevelGenerator.swift */ = {isa = PBXFileReference; lastKnownFileType = sourcecode.swift; path = LevelGenerator.swift; sourceTree = "<group>"; };
		CCBCC6A721B4BBCC00634959 /* MenuScene.swift */ = {isa = PBXFileReference; lastKnownFileType = sourcecode.swift; path = MenuScene.swift; sourceTree = "<group>"; };
		CCBCC6AD21B4C2C700634959 /* backButton.png */ = {isa = PBXFileReference; lastKnownFileType = image.png; path = backButton.png; sourceTree = "<group>"; };
		CCD87F6421B56B0000AB9B96 /* GraphLine.swift */ = {isa = PBXFileReference; lastKnownFileType = sourcecode.swift; path = GraphLine.swift; sourceTree = "<group>"; };
		CCD87F6621B5F71B00AB9B96 /* AnotherGameLayer.swift */ = {isa = PBXFileReference; lastKnownFileType = sourcecode.swift; path = AnotherGameLayer.swift; sourceTree = "<group>"; };
/* End PBXFileReference section */

/* Begin PBXFrameworksBuildPhase section */
		CCBCC67D21B429B900634959 /* Frameworks */ = {
			isa = PBXFrameworksBuildPhase;
			buildActionMask = 2147483647;
			files = (
			);
			runOnlyForDeploymentPostprocessing = 0;
		};
/* End PBXFrameworksBuildPhase section */

/* Begin PBXGroup section */
		CCBCC67721B429B900634959 = {
			isa = PBXGroup;
			children = (
				CCBCC68221B429B900634959 /* lista8_eda2 */,
				CCBCC68121B429B900634959 /* Products */,
			);
			sourceTree = "<group>";
		};
		CCBCC68121B429B900634959 /* Products */ = {
			isa = PBXGroup;
			children = (
				CCBCC68021B429B900634959 /* lista8_eda2.app */,
			);
			name = Products;
			sourceTree = "<group>";
		};
		CCBCC68221B429B900634959 /* lista8_eda2 */ = {
			isa = PBXGroup;
			children = (
				CCBCC68321B429B900634959 /* AppDelegate.swift */,
				CCBCC68921B429B900634959 /* GameScene.swift */,
				CCBCC6A721B4BBCC00634959 /* MenuScene.swift */,
				CCBCC69D21B4768500634959 /* GameLayer.swift */,
				CCD87F6621B5F71B00AB9B96 /* AnotherGameLayer.swift */,
				CCBCC6A521B4AB3A00634959 /* LevelGenerator.swift */,
				CCBCC6AD21B4C2C700634959 /* backButton.png */,
				CCBCC6A321B4978A00634959 /* fire.png */,
				CCBCC68B21B429B900634959 /* GameViewController.swift */,
				CCBCC6A121B496AC00634959 /* Explosao.sks */,
				CCBCC68D21B429B900634959 /* Main.storyboard */,
				CCBCC69021B429BC00634959 /* Assets.xcassets */,
				CCBCC69221B429BC00634959 /* LaunchScreen.storyboard */,
				CCBCC69521B429BC00634959 /* Info.plist */,
				CCBCC69B21B46F0700634959 /* Bomb.swift */,
				CCD87F6421B56B0000AB9B96 /* GraphLine.swift */,
				CCBCC69F21B487D100634959 /* Queue.swift */,
			);
			path = lista8_eda2;
			sourceTree = "<group>";
		};
/* End PBXGroup section */

/* Begin PBXNativeTarget section */
		CCBCC67F21B429B900634959 /* lista8_eda2 */ = {
			isa = PBXNativeTarget;
			buildConfigurationList = CCBCC69821B429BC00634959 /* Build configuration list for PBXNativeTarget "lista8_eda2" */;
			buildPhases = (
				CCBCC67C21B429B900634959 /* Sources */,
				CCBCC67D21B429B900634959 /* Frameworks */,
				CCBCC67E21B429B900634959 /* Resources */,
			);
			buildRules = (
			);
			dependencies = (
			);
			name = lista8_eda2;
			productName = lista8_eda2;
			productReference = CCBCC68021B429B900634959 /* lista8_eda2.app */;
			productType = "com.apple.product-type.application";
		};
/* End PBXNativeTarget section */

/* Begin PBXProject section */
		CCBCC67821B429B900634959 /* Project object */ = {
			isa = PBXProject;
			attributes = {
				LastSwiftUpdateCheck = 1010;
				LastUpgradeCheck = 1010;
				ORGANIZATIONNAME = "Matheus Azevedo";
				TargetAttributes = {
					CCBCC67F21B429B900634959 = {
						CreatedOnToolsVersion = 10.1;
					};
				};
			};
			buildConfigurationList = CCBCC67B21B429B900634959 /* Build configuration list for PBXProject "lista8_eda2" */;
			compatibilityVersion = "Xcode 9.3";
			developmentRegion = en;
			hasScannedForEncodings = 0;
			knownRegions = (
				en,
				Base,
			);
			mainGroup = CCBCC67721B429B900634959;
			productRefGroup = CCBCC68121B429B900634959 /* Products */;
			projectDirPath = "";
			projectRoot = "";
			targets = (
				CCBCC67F21B429B900634959 /* lista8_eda2 */,
			);
		};
/* End PBXProject section */

/* Begin PBXResourcesBuildPhase section */
		CCBCC67E21B429B900634959 /* Resources */ = {
			isa = PBXResourcesBuildPhase;
			buildActionMask = 2147483647;
			files = (
				CCBCC68F21B429B900634959 /* Main.storyboard in Resources */,
				CCBCC69121B429BC00634959 /* Assets.xcassets in Resources */,
				CCBCC6A221B496AD00634959 /* Explosao.sks in Resources */,
				CCBCC69421B429BC00634959 /* LaunchScreen.storyboard in Resources */,
				CCBCC6A421B4978A00634959 /* fire.png in Resources */,
				CCBCC6AE21B4C2C700634959 /* backButton.png in Resources */,
			);
			runOnlyForDeploymentPostprocessing = 0;
		};
/* End PBXResourcesBuildPhase section */

/* Begin PBXSourcesBuildPhase section */
		CCBCC67C21B429B900634959 /* Sources */ = {
			isa = PBXSourcesBuildPhase;
			buildActionMask = 2147483647;
			files = (
				CCBCC6A621B4AB3A00634959 /* LevelGenerator.swift in Sources */,
				CCBCC68A21B429B900634959 /* GameScene.swift in Sources */,
				CCBCC6A021B487D100634959 /* Queue.swift in Sources */,
				CCBCC69E21B4768500634959 /* GameLayer.swift in Sources */,
				CCBCC69C21B46F0700634959 /* Bomb.swift in Sources */,
				CCD87F6721B5F71B00AB9B96 /* AnotherGameLayer.swift in Sources */,
				CCBCC6A821B4BBCC00634959 /* MenuScene.swift in Sources */,
				CCBCC68C21B429B900634959 /* GameViewController.swift in Sources */,
				CCD87F6521B56B0000AB9B96 /* GraphLine.swift in Sources */,
				CCBCC68421B429B900634959 /* AppDelegate.swift in Sources */,
			);
			runOnlyForDeploymentPostprocessing = 0;
		};
/* End PBXSourcesBuildPhase section */

/* Begin PBXVariantGroup section */
		CCBCC68D21B429B900634959 /* Main.storyboard */ = {
			isa = PBXVariantGroup;
			children = (
				CCBCC68E21B429B900634959 /* Base */,
			);
			name = Main.storyboard;
			sourceTree = "<group>";
		};
		CCBCC69221B429BC00634959 /* LaunchScreen.storyboard */ = {
			isa = PBXVariantGroup;
			children = (
				CCBCC69321B429BC00634959 /* Base */,
			);
			name = LaunchScreen.storyboard;
			sourceTree = "<group>";
		};
/* End PBXVariantGroup section */

/* Begin XCBuildConfiguration section */
		CCBCC69621B429BC00634959 /* Debug */ = {
			isa = XCBuildConfiguration;
			buildSettings = {
				ALWAYS_SEARCH_USER_PATHS = NO;
				CLANG_ANALYZER_NONNULL = YES;
				CLANG_ANALYZER_NUMBER_OBJECT_CONVERSION = YES_AGGRESSIVE;
				CLANG_CXX_LANGUAGE_STANDARD = "gnu++14";
				CLANG_CXX_LIBRARY = "libc++";
				CLANG_ENABLE_MODULES = YES;
				CLANG_ENABLE_OBJC_ARC = YES;
				CLANG_ENABLE_OBJC_WEAK = YES;
				CLANG_WARN_BLOCK_CAPTURE_AUTORELEASING = YES;
				CLANG_WARN_BOOL_CONVERSION = YES;
				CLANG_WARN_COMMA = YES;
				CLANG_WARN_CONSTANT_CONVERSION = YES;
				CLANG_WARN_DEPRECATED_OBJC_IMPLEMENTATIONS = YES;
				CLANG_WARN_DIRECT_OBJC_ISA_USAGE = YES_ERROR;
				CLANG_WARN_DOCUMENTATION_COMMENTS = YES;
				CLANG_WARN_EMPTY_BODY = YES;
				CLANG_WARN_ENUM_CONVERSION = YES;
				CLANG_WARN_INFINITE_RECURSION = YES;
				CLANG_WARN_INT_CONVERSION = YES;
				CLANG_WARN_NON_LITERAL_NULL_CONVERSION = YES;
				CLANG_WARN_OBJC_IMPLICIT_RETAIN_SELF = YES;
				CLANG_WARN_OBJC_LITERAL_CONVERSION = YES;
				CLANG_WARN_OBJC_ROOT_CLASS = YES_ERROR;
				CLANG_WARN_RANGE_LOOP_ANALYSIS = YES;
				CLANG_WARN_STRICT_PROTOTYPES = YES;
				CLANG_WARN_SUSPICIOUS_MOVE = YES;
				CLANG_WARN_UNGUARDED_AVAILABILITY = YES_AGGRESSIVE;
				CLANG_WARN_UNREACHABLE_CODE = YES;
				CLANG_WARN__DUPLICATE_METHOD_MATCH = YES;
				CODE_SIGN_IDENTITY = "iPhone Developer";
				COPY_PHASE_STRIP = NO;
				DEBUG_INFORMATION_FORMAT = dwarf;
				ENABLE_STRICT_OBJC_MSGSEND = YES;
				ENABLE_TESTABILITY = YES;
				GCC_C_LANGUAGE_STANDARD = gnu11;
				GCC_DYNAMIC_NO_PIC = NO;
				GCC_NO_COMMON_BLOCKS = YES;
				GCC_OPTIMIZATION_LEVEL = 0;
				GCC_PREPROCESSOR_DEFINITIONS = (
					"DEBUG=1",
					"$(inherited)",
				);
				GCC_WARN_64_TO_32_BIT_CONVERSION = YES;
				GCC_WARN_ABOUT_RETURN_TYPE = YES_ERROR;
				GCC_WARN_UNDECLARED_SELECTOR = YES;
				GCC_WARN_UNINITIALIZED_AUTOS = YES_AGGRESSIVE;
				GCC_WARN_UNUSED_FUNCTION = YES;
				GCC_WARN_UNUSED_VARIABLE = YES;
				IPHONEOS_DEPLOYMENT_TARGET = 12.1;
				MTL_ENABLE_DEBUG_INFO = INCLUDE_SOURCE;
				MTL_FAST_MATH = YES;
				ONLY_ACTIVE_ARCH = YES;
				SDKROOT = iphoneos;
				SWIFT_ACTIVE_COMPILATION_CONDITIONS = DEBUG;
				SWIFT_OPTIMIZATION_LEVEL = "-Onone";
			};
			name = Debug;
		};
		CCBCC69721B429BC00634959 /* Release */ = {
			isa = XCBuildConfiguration;
			buildSettings = {
				ALWAYS_SEARCH_USER_PATHS = NO;
				CLANG_ANALYZER_NONNULL = YES;
				CLANG_ANALYZER_NUMBER_OBJECT_CONVERSION = YES_AGGRESSIVE;
				CLANG_CXX_LANGUAGE_STANDARD = "gnu++14";
				CLANG_CXX_LIBRARY = "libc++";
				CLANG_ENABLE_MODULES = YES;
				CLANG_ENABLE_OBJC_ARC = YES;
				CLANG_ENABLE_OBJC_WEAK = YES;
				CLANG_WARN_BLOCK_CAPTURE_AUTORELEASING = YES;
				CLANG_WARN_BOOL_CONVERSION = YES;
				CLANG_WARN_COMMA = YES;
				CLANG_WARN_CONSTANT_CONVERSION = YES;
				CLANG_WARN_DEPRECATED_OBJC_IMPLEMENTATIONS = YES;
				CLANG_WARN_DIRECT_OBJC_ISA_USAGE = YES_ERROR;
				CLANG_WARN_DOCUMENTATION_COMMENTS = YES;
				CLANG_WARN_EMPTY_BODY = YES;
				CLANG_WARN_ENUM_CONVERSION = YES;
				CLANG_WARN_INFINITE_RECURSION = YES;
				CLANG_WARN_INT_CONVERSION = YES;
				CLANG_WARN_NON_LITERAL_NULL_CONVERSION = YES;
				CLANG_WARN_OBJC_IMPLICIT_RETAIN_SELF = YES;
				CLANG_WARN_OBJC_LITERAL_CONVERSION = YES;
				CLANG_WARN_OBJC_ROOT_CLASS = YES_ERROR;
				CLANG_WARN_RANGE_LOOP_ANALYSIS = YES;
				CLANG_WARN_STRICT_PROTOTYPES = YES;
				CLANG_WARN_SUSPICIOUS_MOVE = YES;
				CLANG_WARN_UNGUARDED_AVAILABILITY = YES_AGGRESSIVE;
				CLANG_WARN_UNREACHABLE_CODE = YES;
				CLANG_WARN__DUPLICATE_METHOD_MATCH = YES;
				CODE_SIGN_IDENTITY = "iPhone Developer";
				COPY_PHASE_STRIP = NO;
				DEBUG_INFORMATION_FORMAT = "dwarf-with-dsym";
				ENABLE_NS_ASSERTIONS = NO;
				ENABLE_STRICT_OBJC_MSGSEND = YES;
				GCC_C_LANGUAGE_STANDARD = gnu11;
				GCC_NO_COMMON_BLOCKS = YES;
				GCC_WARN_64_TO_32_BIT_CONVERSION = YES;
				GCC_WARN_ABOUT_RETURN_TYPE = YES_ERROR;
				GCC_WARN_UNDECLARED_SELECTOR = YES;
				GCC_WARN_UNINITIALIZED_AUTOS = YES_AGGRESSIVE;
				GCC_WARN_UNUSED_FUNCTION = YES;
				GCC_WARN_UNUSED_VARIABLE = YES;
				IPHONEOS_DEPLOYMENT_TARGET = 12.1;
				MTL_ENABLE_DEBUG_INFO = NO;
				MTL_FAST_MATH = YES;
				SDKROOT = iphoneos;
				SWIFT_COMPILATION_MODE = wholemodule;
				SWIFT_OPTIMIZATION_LEVEL = "-O";
				VALIDATE_PRODUCT = YES;
			};
			name = Release;
		};
		CCBCC69921B429BC00634959 /* Debug */ = {
			isa = XCBuildConfiguration;
			buildSettings = {
				ASSETCATALOG_COMPILER_APPICON_NAME = AppIcon;
				CODE_SIGN_STYLE = Automatic;
				DEVELOPMENT_TEAM = 7AFRU8YSDW;
				INFOPLIST_FILE = lista8_eda2/Info.plist;
				LD_RUNPATH_SEARCH_PATHS = (
					"$(inherited)",
					"@executable_path/Frameworks",
				);
				PRODUCT_BUNDLE_IDENTIFIER = "br.com.clemente.lista8-eda2";
				PRODUCT_NAME = "$(TARGET_NAME)";
				SWIFT_VERSION = 4.2;
				TARGETED_DEVICE_FAMILY = "1,2";
			};
			name = Debug;
		};
		CCBCC69A21B429BC00634959 /* Release */ = {
			isa = XCBuildConfiguration;
			buildSettings = {
				ASSETCATALOG_COMPILER_APPICON_NAME = AppIcon;
				CODE_SIGN_STYLE = Automatic;
				DEVELOPMENT_TEAM = 7AFRU8YSDW;
				INFOPLIST_FILE = lista8_eda2/Info.plist;
				LD_RUNPATH_SEARCH_PATHS = (
					"$(inherited)",
					"@executable_path/Frameworks",
				);
				PRODUCT_BUNDLE_IDENTIFIER = "br.com.clemente.lista8-eda2";
				PRODUCT_NAME = "$(TARGET_NAME)";
				SWIFT_VERSION = 4.2;
				TARGETED_DEVICE_FAMILY = "1,2";
			};
			name = Release;
		};
/* End XCBuildConfiguration section */

/* Begin XCConfigurationList section */
		CCBCC67B21B429B900634959 /* Build configuration list for PBXProject "lista8_eda2" */ = {
			isa = XCConfigurationList;
			buildConfigurations = (
				CCBCC69621B429BC00634959 /* Debug */,
				CCBCC69721B429BC00634959 /* Release */,
			);
			defaultConfigurationIsVisible = 0;
			defaultConfigurationName = Release;
		};
		CCBCC69821B429BC00634959 /* Build configuration list for PBXNativeTarget "lista8_eda2" */ = {
			isa = XCConfigurationList;
			buildConfigurations = (
				CCBCC69921B429BC00634959 /* Debug */,
				CCBCC69A21B429BC00634959 /* Release */,
			);
			defaultConfigurationIsVisible = 0;
			defaultConfigurationName = Release;
		};
/* End XCConfigurationList section */
	};
	rootObject = CCBCC67821B429B900634959 /* Project object */;
}
